
Microsoft Visual Studio Solution File, Format Version 12.00
Project("{FAE04EC0-301F-11D3-BF4B-00C04F79EFBC}") = "SPClient", "SPClient\SPClient.csproj", "{70DAA4A3-E21D-4147-9ED9-DF5825FE14DD}"
EndProject
Global
	GlobalSection(SolutionConfigurationPlatforms) = preSolution
		Debug|Any CPU = Debug|Any CPU
		Release|Any CPU = Release|Any CPU
	EndGlobalSection
	GlobalSection(ProjectConfigurationPlatforms) = postSolution
		{70DAA4A3-E21D-4147-9ED9-DF5825FE14DD}.Debug|Any CPU.ActiveCfg = Debug|Any CPU
		{70DAA4A3-E21D-4147-9ED9-DF5825FE14DD}.Debug|Any CPU.Build.0 = Debug|Any CPU
		{70DAA4A3-E21D-4147-9ED9-DF5825FE14DD}.Release|Any CPU.ActiveCfg = Release|Any CPU
		{70DAA4A3-E21D-4147-9ED9-DF5825FE14DD}.Release|Any CPU.Build.0 = Release|Any CPU
	EndGlobalSection
EndGlobal
